
Microsoft Visual Studio Solution File, Format Version 12.00
# Visual Studio Version 17
VisualStudioVersion = 17.4.33213.308
MinimumVisualStudioVersion = 10.0.40219.1
Project("{FAE04EC0-301F-11D3-BF4B-00C04F79EFBC}") = "CSharpCourse1", "CSharpCourse1\CSharpCourse1.csproj", "{5783CE24-B707-429B-8C0B-419777588474}"
EndProject
Global
	GlobalSection(SolutionConfigurationPlatforms) = preSolution
		Debug|Any CPU = Debug|Any CPU
		Release|Any CPU = Release|Any CPU
	EndGlobalSection
	GlobalSection(ProjectConfigurationPlatforms) = postSolution
		{5783CE24-B707-429B-8C0B-419777588474}.Debug|Any CPU.ActiveCfg = Debug|Any CPU
		{5783CE24-B707-429B-8C0B-419777588474}.Debug|Any CPU.Build.0 = Debug|Any CPU
		{5783CE24-B707-429B-8C0B-419777588474}.Release|Any CPU.ActiveCfg = Release|Any CPU
		{5783CE24-B707-429B-8C0B-419777588474}.Release|Any CPU.Build.0 = Release|Any CPU
	EndGlobalSection
	GlobalSection(SolutionProperties) = preSolution
		HideSolutionNode = FALSE
	EndGlobalSection
	GlobalSection(ExtensibilityGlobals) = postSolution
		SolutionGuid = {8F035F4B-8E14-47EA-A2E0-CBE0976A517F}
	EndGlobalSection
EndGlobal
